
Microsoft Visual Studio Solution File, Format Version 12.00
# Visual Studio 2017
Project("{FAE04EC0-301F-11D3-BF4B-00C04F79EFBC}") = "gore-cubes-demo", "gore-cubes-demo.csproj", "{53DD08B7-9A6D-AABE-7385-2297A857004D}"
EndProject
Global
	GlobalSection(SolutionConfigurationPlatforms) = preSolution
		Debug|Any CPU = Debug|Any CPU
		Release|Any CPU = Release|Any CPU
	EndGlobalSection
	GlobalSection(ProjectConfigurationPlatforms) = postSolution
		{53DD08B7-9A6D-AABE-7385-2297A857004D}.Debug|Any CPU.ActiveCfg = Debug|Any CPU
		{53DD08B7-9A6D-AABE-7385-2297A857004D}.Debug|Any CPU.Build.0 = Debug|Any CPU
		{53DD08B7-9A6D-AABE-7385-2297A857004D}.Release|Any CPU.ActiveCfg = Release|Any CPU
		{53DD08B7-9A6D-AABE-7385-2297A857004D}.Release|Any CPU.Build.0 = Release|Any CPU
	EndGlobalSection
	GlobalSection(SolutionProperties) = preSolution
		HideSolutionNode = FALSE
	EndGlobalSection
EndGlobal
